{
  "object": {
    "pins": [
      {
        "package": "SQLCipher",
        "repositoryURL": "https://github.com/sqlcipher/SQLCipher.swift.git",
        "state": {
          "branch": null,
          "revision": "7da3c29da67ef5f6dac915647087d966451f00d3",
          "version": "4.13.0"
        }
      }
    ]
  },
  "version": 1
}
